
Microsoft Visual Studio Solution File, Format Version 12.00
# Visual Studio Version 16
VisualStudioVersion = 16.0.32802.440
MinimumVisualStudioVersion = 10.0.40219.1
Project("{FAE04EC0-301F-11D3-BF4B-00C04F79EFBC}") = "oop", "oop.csproj", "{5261CF1F-7330-4667-A641-589E9D5117E4}"
EndProject
Global
	GlobalSection(SolutionConfigurationPlatforms) = preSolution
		Debug|Any CPU = Debug|Any CPU
		Release|Any CPU = Release|Any CPU
	EndGlobalSection
	GlobalSection(ProjectConfigurationPlatforms) = postSolution
		{5261CF1F-7330-4667-A641-589E9D5117E4}.Debug|Any CPU.ActiveCfg = Debug|Any CPU
		{5261CF1F-7330-4667-A641-589E9D5117E4}.Debug|Any CPU.Build.0 = Debug|Any CPU
		{5261CF1F-7330-4667-A641-589E9D5117E4}.Release|Any CPU.ActiveCfg = Release|Any CPU
		{5261CF1F-7330-4667-A641-589E9D5117E4}.Release|Any CPU.Build.0 = Release|Any CPU
	EndGlobalSection
	GlobalSection(SolutionProperties) = preSolution
		HideSolutionNode = FALSE
	EndGlobalSection
	GlobalSection(ExtensibilityGlobals) = postSolution
		SolutionGuid = {02F81A79-7622-4BDE-A4AE-3D147B5604C9}
	EndGlobalSection
EndGlobal
