
Microsoft Visual Studio Solution File, Format Version 12.00
# Visual Studio Version 16
VisualStudioVersion = 16.0.32802.440
MinimumVisualStudioVersion = 10.0.40219.1
Project("{FAE04EC0-301F-11D3-BF4B-00C04F79EFBC}") = "delegates", "delegates.csproj", "{C646406F-9666-433C-96C8-2A23B8F19A1C}"
EndProject
Global
	GlobalSection(SolutionConfigurationPlatforms) = preSolution
		Debug|Any CPU = Debug|Any CPU
		Release|Any CPU = Release|Any CPU
	EndGlobalSection
	GlobalSection(ProjectConfigurationPlatforms) = postSolution
		{C646406F-9666-433C-96C8-2A23B8F19A1C}.Debug|Any CPU.ActiveCfg = Debug|Any CPU
		{C646406F-9666-433C-96C8-2A23B8F19A1C}.Debug|Any CPU.Build.0 = Debug|Any CPU
		{C646406F-9666-433C-96C8-2A23B8F19A1C}.Release|Any CPU.ActiveCfg = Release|Any CPU
		{C646406F-9666-433C-96C8-2A23B8F19A1C}.Release|Any CPU.Build.0 = Release|Any CPU
	EndGlobalSection
	GlobalSection(SolutionProperties) = preSolution
		HideSolutionNode = FALSE
	EndGlobalSection
	GlobalSection(ExtensibilityGlobals) = postSolution
		SolutionGuid = {42498587-FB26-4FB5-A385-95B354CD941E}
	EndGlobalSection
EndGlobal
