
Microsoft Visual Studio Solution File, Format Version 12.00
# Visual Studio Version 17
VisualStudioVersion = 17.3.32922.545
MinimumVisualStudioVersion = 10.0.40219.1
Project("{FAE04EC0-301F-11D3-BF4B-00C04F79EFBC}") = "new solution", "new solution\new solution.csproj", "{8F25D8F1-34C9-476A-B2D5-CDB1C976DEFE}"
EndProject
Global
	GlobalSection(SolutionConfigurationPlatforms) = preSolution
		Debug|Any CPU = Debug|Any CPU
		Release|Any CPU = Release|Any CPU
	EndGlobalSection
	GlobalSection(ProjectConfigurationPlatforms) = postSolution
		{8F25D8F1-34C9-476A-B2D5-CDB1C976DEFE}.Debug|Any CPU.ActiveCfg = Debug|Any CPU
		{8F25D8F1-34C9-476A-B2D5-CDB1C976DEFE}.Debug|Any CPU.Build.0 = Debug|Any CPU
		{8F25D8F1-34C9-476A-B2D5-CDB1C976DEFE}.Release|Any CPU.ActiveCfg = Release|Any CPU
		{8F25D8F1-34C9-476A-B2D5-CDB1C976DEFE}.Release|Any CPU.Build.0 = Release|Any CPU
	EndGlobalSection
	GlobalSection(SolutionProperties) = preSolution
		HideSolutionNode = FALSE
	EndGlobalSection
	GlobalSection(ExtensibilityGlobals) = postSolution
		SolutionGuid = {6181DCAC-5991-4E1D-97F5-6158F3CE0B1B}
	EndGlobalSection
EndGlobal
