
Microsoft Visual Studio Solution File, Format Version 12.00
# Visual Studio Version 16
VisualStudioVersion = 16.0.32802.440
MinimumVisualStudioVersion = 10.0.40219.1
Project("{FAE04EC0-301F-11D3-BF4B-00C04F79EFBC}") = "practise", "practise.csproj", "{E3693EAA-2110-44F1-84B0-D3896448CAA9}"
EndProject
Global
	GlobalSection(SolutionConfigurationPlatforms) = preSolution
		Debug|Any CPU = Debug|Any CPU
		Release|Any CPU = Release|Any CPU
	EndGlobalSection
	GlobalSection(ProjectConfigurationPlatforms) = postSolution
		{E3693EAA-2110-44F1-84B0-D3896448CAA9}.Debug|Any CPU.ActiveCfg = Debug|Any CPU
		{E3693EAA-2110-44F1-84B0-D3896448CAA9}.Debug|Any CPU.Build.0 = Debug|Any CPU
		{E3693EAA-2110-44F1-84B0-D3896448CAA9}.Release|Any CPU.ActiveCfg = Release|Any CPU
		{E3693EAA-2110-44F1-84B0-D3896448CAA9}.Release|Any CPU.Build.0 = Release|Any CPU
	EndGlobalSection
	GlobalSection(SolutionProperties) = preSolution
		HideSolutionNode = FALSE
	EndGlobalSection
	GlobalSection(ExtensibilityGlobals) = postSolution
		SolutionGuid = {3866E8B0-140A-41DA-850D-E450754F2CC8}
	EndGlobalSection
EndGlobal
