
Microsoft Visual Studio Solution File, Format Version 12.00
# Visual Studio Version 17
VisualStudioVersion = 17.3.32922.545
MinimumVisualStudioVersion = 10.0.40219.1
Project("{9A19103F-16F7-4668-BE54-9A1E7A4F7556}") = "Inheritance", "Inheritance\Inheritance.csproj", "{7D988B03-E352-4904-8945-7FADE87D8BC4}"
EndProject
Project("{2150E333-8FDC-42A3-9474-1A3956D46DE8}") = "Test", "Test", "{1E9C16F5-1493-4DDC-9BC3-E1AAA36ED989}"
EndProject
Project("{FAE04EC0-301F-11D3-BF4B-00C04F79EFBC}") = "testProgram", "..\..\..\Desktop\testProgram\testProgram.csproj", "{15F7D1F0-4B6F-455B-9EE6-65090FDC39F1}"
EndProject
Project("{9A19103F-16F7-4668-BE54-9A1E7A4F7556}") = "polymorphism", "polymorphism\polymorphism.csproj", "{9B5AFE6C-8371-4633-9187-5C5D0052CFE7}"
EndProject
Project("{9A19103F-16F7-4668-BE54-9A1E7A4F7556}") = "Abstract", "Abstract\Abstract.csproj", "{5C13F0FD-AA52-448D-A39F-ED7A150AFC53}"
EndProject
Project("{2150E333-8FDC-42A3-9474-1A3956D46DE8}") = "Object oriented programming", "Object oriented programming", "{1F33D22E-AC2B-4051-9441-693A1EC4A64C}"
EndProject
Project("{2150E333-8FDC-42A3-9474-1A3956D46DE8}") = "type casting", "type casting", "{795E9206-6077-4CAA-B48B-32A073D6A7A5}"
EndProject
Project("{9A19103F-16F7-4668-BE54-9A1E7A4F7556}") = "data types", "data types\data types.csproj", "{FC14BC37-A55C-49D2-87A9-44E65F872139}"
EndProject
Project("{2150E333-8FDC-42A3-9474-1A3956D46DE8}") = "control flow programming", "control flow programming", "{731C907D-ED43-4408-B50C-4ABA7B3CCFFA}"
EndProject
Project("{9A19103F-16F7-4668-BE54-9A1E7A4F7556}") = "passByRef and passByValue", "passByRef and passByValue\passByRef and passByValue.csproj", "{A4B963EF-1467-40BE-AA70-D1FC49B41D39}"
EndProject
Project("{9A19103F-16F7-4668-BE54-9A1E7A4F7556}") = "static class and static method", "static class and static method\static class and static method.csproj", "{075169AA-2697-4C37-AA79-D43A3CB49973}"
EndProject
Project("{2150E333-8FDC-42A3-9474-1A3956D46DE8}") = "interfaces", "interfaces", "{8E8935AB-9466-4D32-AC3A-65B5FF0C6C2F}"
EndProject
Project("{9A19103F-16F7-4668-BE54-9A1E7A4F7556}") = "Interface", "Interface\Interface.csproj", "{B687108E-CC50-4E7C-B800-6151675DC5CF}"
EndProject
Project("{9A19103F-16F7-4668-BE54-9A1E7A4F7556}") = "param", "param\param.csproj", "{46BA4878-3130-462D-96B6-F81FC0A4F279}"
EndProject
Project("{9A19103F-16F7-4668-BE54-9A1E7A4F7556}") = "structure", "structure\structure.csproj", "{4338CA9E-E9A4-415E-88F9-57F9D594C693}"
EndProject
Project("{2150E333-8FDC-42A3-9474-1A3956D46DE8}") = "linq", "linq", "{C2B40458-622E-457A-9058-49D182DE8B90}"
EndProject
Project("{9A19103F-16F7-4668-BE54-9A1E7A4F7556}") = "linq", "link\linq.csproj", "{A5A39EDF-CAD6-402F-B379-0EAB5F2869FF}"
EndProject
Project("{9A19103F-16F7-4668-BE54-9A1E7A4F7556}") = "boxing and unboxing", "boxing and unboxing\boxing and unboxing.csproj", "{0236BF93-3FF5-44AF-A7B6-9B4EB9521B2A}"
EndProject
Project("{2150E333-8FDC-42A3-9474-1A3956D46DE8}") = "generics", "generics", "{B9AF1261-E883-4574-BCEF-48D542345E2B}"
EndProject
Project("{9A19103F-16F7-4668-BE54-9A1E7A4F7556}") = "generics", "generics\generics.csproj", "{87316D2E-62C3-48D7-BD61-3F13508575FD}"
EndProject
Project("{2150E333-8FDC-42A3-9474-1A3956D46DE8}") = "Extensions", "Extensions", "{C1558ED9-6020-4D04-BBB8-EEB9B70E2D36}"
EndProject
Project("{9A19103F-16F7-4668-BE54-9A1E7A4F7556}") = "Extensions", "Extensions\Extensions.csproj", "{F90109BE-0ECD-47C9-A3D9-D43AD935E4CF}"
EndProject
Project("{2150E333-8FDC-42A3-9474-1A3956D46DE8}") = "working with arrays and collection", "working with arrays and collection", "{67F7A1A0-C8B2-4CB1-8774-70EA578B024F}"
EndProject
Project("{9A19103F-16F7-4668-BE54-9A1E7A4F7556}") = "arrays", "arrays\arrays.csproj", "{5A765877-C91E-4863-9E5D-7D6DE11B1B3D}"
EndProject
Project("{9A19103F-16F7-4668-BE54-9A1E7A4F7556}") = "non generic collections", "non generic collections\non generic collections.csproj", "{5EB71B8A-64AB-45B8-88B4-34777D21C158}"
EndProject
Project("{9A19103F-16F7-4668-BE54-9A1E7A4F7556}") = "Generic Collections", "Generic Collections\Generic Collections.csproj", "{5BD68A3B-7F9F-43EB-991E-9AC725D165E6}"
EndProject
Project("{2150E333-8FDC-42A3-9474-1A3956D46DE8}") = "Records", "Records", "{48F40937-688A-4F5B-8BE4-1EA9CFCDC550}"
EndProject
Project("{9A19103F-16F7-4668-BE54-9A1E7A4F7556}") = "records", "records\records.csproj", "{BBC0BB87-E607-4BF6-A4F9-288E771D7F72}"
EndProject
Project("{9A19103F-16F7-4668-BE54-9A1E7A4F7556}") = "delegates", "C:\Users\Muhammad Isa\source\repos\delegates\delegates.csproj", "{6140C958-4680-452A-BA0F-6CBB559F5CE0}"
EndProject
Project("{9A19103F-16F7-4668-BE54-9A1E7A4F7556}") = "Control Flow Programming", "C:\Users\Muhammad Isa\source\repos\Control Flow Programming\Control Flow Programming\Control Flow Programming.csproj", "{64F5E762-6B93-49F5-AD95-7158AD13EB5B}"
EndProject
Project("{9A19103F-16F7-4668-BE54-9A1E7A4F7556}") = "methodHiding", "C:\Users\Muhammad Isa\source\repos\methodHiding\methodHiding.csproj", "{E64DC6AB-EF77-4D63-A26C-2A213E7D1329}"
EndProject
Project("{9A19103F-16F7-4668-BE54-9A1E7A4F7556}") = "stringBuilder", "C:\Users\Muhammad Isa\source\repos\stringBuilder\stringBuilder.csproj", "{462D6DCC-684E-4D64-B3AC-1E2D95035311}"
EndProject
Project("{9A19103F-16F7-4668-BE54-9A1E7A4F7556}") = "indexers", "C:\Users\Muhammad Isa\source\repos\indexers\indexers.csproj", "{EB071104-8A70-4260-B59D-E419FCA69D8F}"
EndProject
Global
	GlobalSection(SolutionConfigurationPlatforms) = preSolution
		Debug|Any CPU = Debug|Any CPU
		Release|Any CPU = Release|Any CPU
	EndGlobalSection
	GlobalSection(ProjectConfigurationPlatforms) = postSolution
		{7D988B03-E352-4904-8945-7FADE87D8BC4}.Debug|Any CPU.ActiveCfg = Debug|Any CPU
		{7D988B03-E352-4904-8945-7FADE87D8BC4}.Debug|Any CPU.Build.0 = Debug|Any CPU
		{7D988B03-E352-4904-8945-7FADE87D8BC4}.Release|Any CPU.ActiveCfg = Release|Any CPU
		{7D988B03-E352-4904-8945-7FADE87D8BC4}.Release|Any CPU.Build.0 = Release|Any CPU
		{15F7D1F0-4B6F-455B-9EE6-65090FDC39F1}.Debug|Any CPU.ActiveCfg = Debug|Any CPU
		{15F7D1F0-4B6F-455B-9EE6-65090FDC39F1}.Debug|Any CPU.Build.0 = Debug|Any CPU
		{15F7D1F0-4B6F-455B-9EE6-65090FDC39F1}.Release|Any CPU.ActiveCfg = Release|Any CPU
		{15F7D1F0-4B6F-455B-9EE6-65090FDC39F1}.Release|Any CPU.Build.0 = Release|Any CPU
		{9B5AFE6C-8371-4633-9187-5C5D0052CFE7}.Debug|Any CPU.ActiveCfg = Debug|Any CPU
		{9B5AFE6C-8371-4633-9187-5C5D0052CFE7}.Debug|Any CPU.Build.0 = Debug|Any CPU
		{9B5AFE6C-8371-4633-9187-5C5D0052CFE7}.Release|Any CPU.ActiveCfg = Release|Any CPU
		{9B5AFE6C-8371-4633-9187-5C5D0052CFE7}.Release|Any CPU.Build.0 = Release|Any CPU
		{5C13F0FD-AA52-448D-A39F-ED7A150AFC53}.Debug|Any CPU.ActiveCfg = Debug|Any CPU
		{5C13F0FD-AA52-448D-A39F-ED7A150AFC53}.Debug|Any CPU.Build.0 = Debug|Any CPU
		{5C13F0FD-AA52-448D-A39F-ED7A150AFC53}.Release|Any CPU.ActiveCfg = Release|Any CPU
		{5C13F0FD-AA52-448D-A39F-ED7A150AFC53}.Release|Any CPU.Build.0 = Release|Any CPU
		{FC14BC37-A55C-49D2-87A9-44E65F872139}.Debug|Any CPU.ActiveCfg = Debug|Any CPU
		{FC14BC37-A55C-49D2-87A9-44E65F872139}.Debug|Any CPU.Build.0 = Debug|Any CPU
		{FC14BC37-A55C-49D2-87A9-44E65F872139}.Release|Any CPU.ActiveCfg = Release|Any CPU
		{FC14BC37-A55C-49D2-87A9-44E65F872139}.Release|Any CPU.Build.0 = Release|Any CPU
		{A4B963EF-1467-40BE-AA70-D1FC49B41D39}.Debug|Any CPU.ActiveCfg = Debug|Any CPU
		{A4B963EF-1467-40BE-AA70-D1FC49B41D39}.Debug|Any CPU.Build.0 = Debug|Any CPU
		{A4B963EF-1467-40BE-AA70-D1FC49B41D39}.Release|Any CPU.ActiveCfg = Release|Any CPU
		{A4B963EF-1467-40BE-AA70-D1FC49B41D39}.Release|Any CPU.Build.0 = Release|Any CPU
		{075169AA-2697-4C37-AA79-D43A3CB49973}.Debug|Any CPU.ActiveCfg = Debug|Any CPU
		{075169AA-2697-4C37-AA79-D43A3CB49973}.Debug|Any CPU.Build.0 = Debug|Any CPU
		{075169AA-2697-4C37-AA79-D43A3CB49973}.Release|Any CPU.ActiveCfg = Release|Any CPU
		{075169AA-2697-4C37-AA79-D43A3CB49973}.Release|Any CPU.Build.0 = Release|Any CPU
		{B687108E-CC50-4E7C-B800-6151675DC5CF}.Debug|Any CPU.ActiveCfg = Debug|Any CPU
		{B687108E-CC50-4E7C-B800-6151675DC5CF}.Debug|Any CPU.Build.0 = Debug|Any CPU
		{B687108E-CC50-4E7C-B800-6151675DC5CF}.Release|Any CPU.ActiveCfg = Release|Any CPU
		{B687108E-CC50-4E7C-B800-6151675DC5CF}.Release|Any CPU.Build.0 = Release|Any CPU
		{46BA4878-3130-462D-96B6-F81FC0A4F279}.Debug|Any CPU.ActiveCfg = Debug|Any CPU
		{46BA4878-3130-462D-96B6-F81FC0A4F279}.Debug|Any CPU.Build.0 = Debug|Any CPU
		{46BA4878-3130-462D-96B6-F81FC0A4F279}.Release|Any CPU.ActiveCfg = Release|Any CPU
		{46BA4878-3130-462D-96B6-F81FC0A4F279}.Release|Any CPU.Build.0 = Release|Any CPU
		{4338CA9E-E9A4-415E-88F9-57F9D594C693}.Debug|Any CPU.ActiveCfg = Debug|Any CPU
		{4338CA9E-E9A4-415E-88F9-57F9D594C693}.Debug|Any CPU.Build.0 = Debug|Any CPU
		{4338CA9E-E9A4-415E-88F9-57F9D594C693}.Release|Any CPU.ActiveCfg = Release|Any CPU
		{4338CA9E-E9A4-415E-88F9-57F9D594C693}.Release|Any CPU.Build.0 = Release|Any CPU
		{A5A39EDF-CAD6-402F-B379-0EAB5F2869FF}.Debug|Any CPU.ActiveCfg = Debug|Any CPU
		{A5A39EDF-CAD6-402F-B379-0EAB5F2869FF}.Debug|Any CPU.Build.0 = Debug|Any CPU
		{A5A39EDF-CAD6-402F-B379-0EAB5F2869FF}.Release|Any CPU.ActiveCfg = Release|Any CPU
		{A5A39EDF-CAD6-402F-B379-0EAB5F2869FF}.Release|Any CPU.Build.0 = Release|Any CPU
		{0236BF93-3FF5-44AF-A7B6-9B4EB9521B2A}.Debug|Any CPU.ActiveCfg = Debug|Any CPU
		{0236BF93-3FF5-44AF-A7B6-9B4EB9521B2A}.Debug|Any CPU.Build.0 = Debug|Any CPU
		{0236BF93-3FF5-44AF-A7B6-9B4EB9521B2A}.Release|Any CPU.ActiveCfg = Release|Any CPU
		{0236BF93-3FF5-44AF-A7B6-9B4EB9521B2A}.Release|Any CPU.Build.0 = Release|Any CPU
		{87316D2E-62C3-48D7-BD61-3F13508575FD}.Debug|Any CPU.ActiveCfg = Debug|Any CPU
		{87316D2E-62C3-48D7-BD61-3F13508575FD}.Debug|Any CPU.Build.0 = Debug|Any CPU
		{87316D2E-62C3-48D7-BD61-3F13508575FD}.Release|Any CPU.ActiveCfg = Release|Any CPU
		{87316D2E-62C3-48D7-BD61-3F13508575FD}.Release|Any CPU.Build.0 = Release|Any CPU
		{F90109BE-0ECD-47C9-A3D9-D43AD935E4CF}.Debug|Any CPU.ActiveCfg = Debug|Any CPU
		{F90109BE-0ECD-47C9-A3D9-D43AD935E4CF}.Debug|Any CPU.Build.0 = Debug|Any CPU
		{F90109BE-0ECD-47C9-A3D9-D43AD935E4CF}.Release|Any CPU.ActiveCfg = Release|Any CPU
		{F90109BE-0ECD-47C9-A3D9-D43AD935E4CF}.Release|Any CPU.Build.0 = Release|Any CPU
		{5A765877-C91E-4863-9E5D-7D6DE11B1B3D}.Debug|Any CPU.ActiveCfg = Debug|Any CPU
		{5A765877-C91E-4863-9E5D-7D6DE11B1B3D}.Debug|Any CPU.Build.0 = Debug|Any CPU
		{5A765877-C91E-4863-9E5D-7D6DE11B1B3D}.Release|Any CPU.ActiveCfg = Release|Any CPU
		{5A765877-C91E-4863-9E5D-7D6DE11B1B3D}.Release|Any CPU.Build.0 = Release|Any CPU
		{5EB71B8A-64AB-45B8-88B4-34777D21C158}.Debug|Any CPU.ActiveCfg = Debug|Any CPU
		{5EB71B8A-64AB-45B8-88B4-34777D21C158}.Debug|Any CPU.Build.0 = Debug|Any CPU
		{5EB71B8A-64AB-45B8-88B4-34777D21C158}.Release|Any CPU.ActiveCfg = Release|Any CPU
		{5EB71B8A-64AB-45B8-88B4-34777D21C158}.Release|Any CPU.Build.0 = Release|Any CPU
		{5BD68A3B-7F9F-43EB-991E-9AC725D165E6}.Debug|Any CPU.ActiveCfg = Debug|Any CPU
		{5BD68A3B-7F9F-43EB-991E-9AC725D165E6}.Debug|Any CPU.Build.0 = Debug|Any CPU
		{5BD68A3B-7F9F-43EB-991E-9AC725D165E6}.Release|Any CPU.ActiveCfg = Release|Any CPU
		{5BD68A3B-7F9F-43EB-991E-9AC725D165E6}.Release|Any CPU.Build.0 = Release|Any CPU
		{BBC0BB87-E607-4BF6-A4F9-288E771D7F72}.Debug|Any CPU.ActiveCfg = Debug|Any CPU
		{BBC0BB87-E607-4BF6-A4F9-288E771D7F72}.Debug|Any CPU.Build.0 = Debug|Any CPU
		{BBC0BB87-E607-4BF6-A4F9-288E771D7F72}.Release|Any CPU.ActiveCfg = Release|Any CPU
		{BBC0BB87-E607-4BF6-A4F9-288E771D7F72}.Release|Any CPU.Build.0 = Release|Any CPU
		{6140C958-4680-452A-BA0F-6CBB559F5CE0}.Debug|Any CPU.ActiveCfg = Debug|Any CPU
		{6140C958-4680-452A-BA0F-6CBB559F5CE0}.Debug|Any CPU.Build.0 = Debug|Any CPU
		{6140C958-4680-452A-BA0F-6CBB559F5CE0}.Release|Any CPU.ActiveCfg = Release|Any CPU
		{6140C958-4680-452A-BA0F-6CBB559F5CE0}.Release|Any CPU.Build.0 = Release|Any CPU
		{64F5E762-6B93-49F5-AD95-7158AD13EB5B}.Debug|Any CPU.ActiveCfg = Debug|Any CPU
		{64F5E762-6B93-49F5-AD95-7158AD13EB5B}.Debug|Any CPU.Build.0 = Debug|Any CPU
		{64F5E762-6B93-49F5-AD95-7158AD13EB5B}.Release|Any CPU.ActiveCfg = Release|Any CPU
		{64F5E762-6B93-49F5-AD95-7158AD13EB5B}.Release|Any CPU.Build.0 = Release|Any CPU
		{E64DC6AB-EF77-4D63-A26C-2A213E7D1329}.Debug|Any CPU.ActiveCfg = Debug|Any CPU
		{E64DC6AB-EF77-4D63-A26C-2A213E7D1329}.Debug|Any CPU.Build.0 = Debug|Any CPU
		{E64DC6AB-EF77-4D63-A26C-2A213E7D1329}.Release|Any CPU.ActiveCfg = Release|Any CPU
		{E64DC6AB-EF77-4D63-A26C-2A213E7D1329}.Release|Any CPU.Build.0 = Release|Any CPU
		{462D6DCC-684E-4D64-B3AC-1E2D95035311}.Debug|Any CPU.ActiveCfg = Debug|Any CPU
		{462D6DCC-684E-4D64-B3AC-1E2D95035311}.Debug|Any CPU.Build.0 = Debug|Any CPU
		{462D6DCC-684E-4D64-B3AC-1E2D95035311}.Release|Any CPU.ActiveCfg = Release|Any CPU
		{462D6DCC-684E-4D64-B3AC-1E2D95035311}.Release|Any CPU.Build.0 = Release|Any CPU
		{EB071104-8A70-4260-B59D-E419FCA69D8F}.Debug|Any CPU.ActiveCfg = Debug|Any CPU
		{EB071104-8A70-4260-B59D-E419FCA69D8F}.Debug|Any CPU.Build.0 = Debug|Any CPU
		{EB071104-8A70-4260-B59D-E419FCA69D8F}.Release|Any CPU.ActiveCfg = Release|Any CPU
		{EB071104-8A70-4260-B59D-E419FCA69D8F}.Release|Any CPU.Build.0 = Release|Any CPU
	EndGlobalSection
	GlobalSection(SolutionProperties) = preSolution
		HideSolutionNode = FALSE
	EndGlobalSection
	GlobalSection(NestedProjects) = preSolution
		{7D988B03-E352-4904-8945-7FADE87D8BC4} = {1F33D22E-AC2B-4051-9441-693A1EC4A64C}
		{1E9C16F5-1493-4DDC-9BC3-E1AAA36ED989} = {1F33D22E-AC2B-4051-9441-693A1EC4A64C}
		{15F7D1F0-4B6F-455B-9EE6-65090FDC39F1} = {1E9C16F5-1493-4DDC-9BC3-E1AAA36ED989}
		{9B5AFE6C-8371-4633-9187-5C5D0052CFE7} = {1F33D22E-AC2B-4051-9441-693A1EC4A64C}
		{5C13F0FD-AA52-448D-A39F-ED7A150AFC53} = {1F33D22E-AC2B-4051-9441-693A1EC4A64C}
		{FC14BC37-A55C-49D2-87A9-44E65F872139} = {795E9206-6077-4CAA-B48B-32A073D6A7A5}
		{A4B963EF-1467-40BE-AA70-D1FC49B41D39} = {795E9206-6077-4CAA-B48B-32A073D6A7A5}
		{075169AA-2697-4C37-AA79-D43A3CB49973} = {795E9206-6077-4CAA-B48B-32A073D6A7A5}
		{B687108E-CC50-4E7C-B800-6151675DC5CF} = {8E8935AB-9466-4D32-AC3A-65B5FF0C6C2F}
		{46BA4878-3130-462D-96B6-F81FC0A4F279} = {795E9206-6077-4CAA-B48B-32A073D6A7A5}
		{4338CA9E-E9A4-415E-88F9-57F9D594C693} = {795E9206-6077-4CAA-B48B-32A073D6A7A5}
		{A5A39EDF-CAD6-402F-B379-0EAB5F2869FF} = {C2B40458-622E-457A-9058-49D182DE8B90}
		{0236BF93-3FF5-44AF-A7B6-9B4EB9521B2A} = {795E9206-6077-4CAA-B48B-32A073D6A7A5}
		{87316D2E-62C3-48D7-BD61-3F13508575FD} = {B9AF1261-E883-4574-BCEF-48D542345E2B}
		{F90109BE-0ECD-47C9-A3D9-D43AD935E4CF} = {C1558ED9-6020-4D04-BBB8-EEB9B70E2D36}
		{5A765877-C91E-4863-9E5D-7D6DE11B1B3D} = {67F7A1A0-C8B2-4CB1-8774-70EA578B024F}
		{5EB71B8A-64AB-45B8-88B4-34777D21C158} = {67F7A1A0-C8B2-4CB1-8774-70EA578B024F}
		{5BD68A3B-7F9F-43EB-991E-9AC725D165E6} = {67F7A1A0-C8B2-4CB1-8774-70EA578B024F}
		{BBC0BB87-E607-4BF6-A4F9-288E771D7F72} = {48F40937-688A-4F5B-8BE4-1EA9CFCDC550}
		{6140C958-4680-452A-BA0F-6CBB559F5CE0} = {C2B40458-622E-457A-9058-49D182DE8B90}
		{64F5E762-6B93-49F5-AD95-7158AD13EB5B} = {731C907D-ED43-4408-B50C-4ABA7B3CCFFA}
		{E64DC6AB-EF77-4D63-A26C-2A213E7D1329} = {1F33D22E-AC2B-4051-9441-693A1EC4A64C}
		{462D6DCC-684E-4D64-B3AC-1E2D95035311} = {795E9206-6077-4CAA-B48B-32A073D6A7A5}
		{EB071104-8A70-4260-B59D-E419FCA69D8F} = {67F7A1A0-C8B2-4CB1-8774-70EA578B024F}
	EndGlobalSection
	GlobalSection(ExtensibilityGlobals) = postSolution
		SolutionGuid = {15978986-69F1-477E-80CE-E21C33219E5A}
	EndGlobalSection
EndGlobal
