
Microsoft Visual Studio Solution File, Format Version 12.00
# Visual Studio Version 16
VisualStudioVersion = 16.0.32802.440
MinimumVisualStudioVersion = 10.0.40219.1
Project("{FAE04EC0-301F-11D3-BF4B-00C04F79EFBC}") = "Exention method", "Exention method.csproj", "{D1B434E9-0732-49E7-AB35-BF4AA3A071F4}"
EndProject
Global
	GlobalSection(SolutionConfigurationPlatforms) = preSolution
		Debug|Any CPU = Debug|Any CPU
		Release|Any CPU = Release|Any CPU
	EndGlobalSection
	GlobalSection(ProjectConfigurationPlatforms) = postSolution
		{D1B434E9-0732-49E7-AB35-BF4AA3A071F4}.Debug|Any CPU.ActiveCfg = Debug|Any CPU
		{D1B434E9-0732-49E7-AB35-BF4AA3A071F4}.Debug|Any CPU.Build.0 = Debug|Any CPU
		{D1B434E9-0732-49E7-AB35-BF4AA3A071F4}.Release|Any CPU.ActiveCfg = Release|Any CPU
		{D1B434E9-0732-49E7-AB35-BF4AA3A071F4}.Release|Any CPU.Build.0 = Release|Any CPU
	EndGlobalSection
	GlobalSection(SolutionProperties) = preSolution
		HideSolutionNode = FALSE
	EndGlobalSection
	GlobalSection(ExtensibilityGlobals) = postSolution
		SolutionGuid = {4747C4B0-6FC1-473B-A680-87F586D5711A}
	EndGlobalSection
EndGlobal
