
Microsoft Visual Studio Solution File, Format Version 12.00
# Visual Studio Version 16
VisualStudioVersion = 16.0.32802.440
MinimumVisualStudioVersion = 10.0.40219.1
Project("{FAE04EC0-301F-11D3-BF4B-00C04F79EFBC}") = "testing", "testing.csproj", "{08F26461-0741-4EF9-9D9B-897B87DB0E63}"
EndProject
Global
	GlobalSection(SolutionConfigurationPlatforms) = preSolution
		Debug|Any CPU = Debug|Any CPU
		Release|Any CPU = Release|Any CPU
	EndGlobalSection
	GlobalSection(ProjectConfigurationPlatforms) = postSolution
		{08F26461-0741-4EF9-9D9B-897B87DB0E63}.Debug|Any CPU.ActiveCfg = Debug|Any CPU
		{08F26461-0741-4EF9-9D9B-897B87DB0E63}.Debug|Any CPU.Build.0 = Debug|Any CPU
		{08F26461-0741-4EF9-9D9B-897B87DB0E63}.Release|Any CPU.ActiveCfg = Release|Any CPU
		{08F26461-0741-4EF9-9D9B-897B87DB0E63}.Release|Any CPU.Build.0 = Release|Any CPU
	EndGlobalSection
	GlobalSection(SolutionProperties) = preSolution
		HideSolutionNode = FALSE
	EndGlobalSection
	GlobalSection(ExtensibilityGlobals) = postSolution
		SolutionGuid = {35F561EA-8C46-4307-A48B-6AA05F83EE45}
	EndGlobalSection
EndGlobal
