
Microsoft Visual Studio Solution File, Format Version 12.00
# Visual Studio Version 17
VisualStudioVersion = 17.3.32922.545
MinimumVisualStudioVersion = 10.0.40219.1
Project("{FAE04EC0-301F-11D3-BF4B-00C04F79EFBC}") = "GilgitApp.Domain", "GilgitApp.Domain\GilgitApp.Domain.csproj", "{D6E259F5-25CB-45B0-B937-8F0C90B75D6C}"
EndProject
Project("{FAE04EC0-301F-11D3-BF4B-00C04F79EFBC}") = "GilgitApp.Data", "GilgitApp.Data\GilgitApp.Data.csproj", "{C4DD4B85-EC18-4572-B644-8D9DFBC102A0}"
EndProject
Project("{FAE04EC0-301F-11D3-BF4B-00C04F79EFBC}") = "GilgitApp.ui", "GilgitApp.ui\GilgitApp.ui.csproj", "{AE9B1AA3-A5B7-49D5-B751-8E34DE2F6167}"
EndProject
Global
	GlobalSection(SolutionConfigurationPlatforms) = preSolution
		Debug|Any CPU = Debug|Any CPU
		Release|Any CPU = Release|Any CPU
	EndGlobalSection
	GlobalSection(ProjectConfigurationPlatforms) = postSolution
		{D6E259F5-25CB-45B0-B937-8F0C90B75D6C}.Debug|Any CPU.ActiveCfg = Debug|Any CPU
		{D6E259F5-25CB-45B0-B937-8F0C90B75D6C}.Debug|Any CPU.Build.0 = Debug|Any CPU
		{D6E259F5-25CB-45B0-B937-8F0C90B75D6C}.Release|Any CPU.ActiveCfg = Release|Any CPU
		{D6E259F5-25CB-45B0-B937-8F0C90B75D6C}.Release|Any CPU.Build.0 = Release|Any CPU
		{C4DD4B85-EC18-4572-B644-8D9DFBC102A0}.Debug|Any CPU.ActiveCfg = Debug|Any CPU
		{C4DD4B85-EC18-4572-B644-8D9DFBC102A0}.Debug|Any CPU.Build.0 = Debug|Any CPU
		{C4DD4B85-EC18-4572-B644-8D9DFBC102A0}.Release|Any CPU.ActiveCfg = Release|Any CPU
		{C4DD4B85-EC18-4572-B644-8D9DFBC102A0}.Release|Any CPU.Build.0 = Release|Any CPU
		{AE9B1AA3-A5B7-49D5-B751-8E34DE2F6167}.Debug|Any CPU.ActiveCfg = Debug|Any CPU
		{AE9B1AA3-A5B7-49D5-B751-8E34DE2F6167}.Debug|Any CPU.Build.0 = Debug|Any CPU
		{AE9B1AA3-A5B7-49D5-B751-8E34DE2F6167}.Release|Any CPU.ActiveCfg = Release|Any CPU
		{AE9B1AA3-A5B7-49D5-B751-8E34DE2F6167}.Release|Any CPU.Build.0 = Release|Any CPU
	EndGlobalSection
	GlobalSection(SolutionProperties) = preSolution
		HideSolutionNode = FALSE
	EndGlobalSection
	GlobalSection(ExtensibilityGlobals) = postSolution
		SolutionGuid = {BA916E29-D150-43DA-B5BA-DAB80C18F6C3}
	EndGlobalSection
EndGlobal
