
Microsoft Visual Studio Solution File, Format Version 12.00
# Visual Studio Version 16
VisualStudioVersion = 16.0.32802.440
MinimumVisualStudioVersion = 10.0.40219.1
Project("{FAE04EC0-301F-11D3-BF4B-00C04F79EFBC}") = "properties", "properties.csproj", "{A33ACE1E-ED6A-44EC-8D1F-69E7BD7C124A}"
EndProject
Global
	GlobalSection(SolutionConfigurationPlatforms) = preSolution
		Debug|Any CPU = Debug|Any CPU
		Release|Any CPU = Release|Any CPU
	EndGlobalSection
	GlobalSection(ProjectConfigurationPlatforms) = postSolution
		{A33ACE1E-ED6A-44EC-8D1F-69E7BD7C124A}.Debug|Any CPU.ActiveCfg = Debug|Any CPU
		{A33ACE1E-ED6A-44EC-8D1F-69E7BD7C124A}.Debug|Any CPU.Build.0 = Debug|Any CPU
		{A33ACE1E-ED6A-44EC-8D1F-69E7BD7C124A}.Release|Any CPU.ActiveCfg = Release|Any CPU
		{A33ACE1E-ED6A-44EC-8D1F-69E7BD7C124A}.Release|Any CPU.Build.0 = Release|Any CPU
	EndGlobalSection
	GlobalSection(SolutionProperties) = preSolution
		HideSolutionNode = FALSE
	EndGlobalSection
	GlobalSection(ExtensibilityGlobals) = postSolution
		SolutionGuid = {D2526C51-B2E2-404A-BA64-FB095E3091BF}
	EndGlobalSection
EndGlobal
