
Microsoft Visual Studio Solution File, Format Version 12.00
# Visual Studio Version 16
VisualStudioVersion = 16.0.32802.440
MinimumVisualStudioVersion = 10.0.40219.1
Project("{FAE04EC0-301F-11D3-BF4B-00C04F79EFBC}") = "Arrays", "Arrays.csproj", "{AFD5D0F3-165A-4E3E-828A-4F40E8A59041}"
EndProject
Global
	GlobalSection(SolutionConfigurationPlatforms) = preSolution
		Debug|Any CPU = Debug|Any CPU
		Release|Any CPU = Release|Any CPU
	EndGlobalSection
	GlobalSection(ProjectConfigurationPlatforms) = postSolution
		{AFD5D0F3-165A-4E3E-828A-4F40E8A59041}.Debug|Any CPU.ActiveCfg = Debug|Any CPU
		{AFD5D0F3-165A-4E3E-828A-4F40E8A59041}.Debug|Any CPU.Build.0 = Debug|Any CPU
		{AFD5D0F3-165A-4E3E-828A-4F40E8A59041}.Release|Any CPU.ActiveCfg = Release|Any CPU
		{AFD5D0F3-165A-4E3E-828A-4F40E8A59041}.Release|Any CPU.Build.0 = Release|Any CPU
	EndGlobalSection
	GlobalSection(SolutionProperties) = preSolution
		HideSolutionNode = FALSE
	EndGlobalSection
	GlobalSection(ExtensibilityGlobals) = postSolution
		SolutionGuid = {24BE0BEA-6E6B-4B7C-9285-570C53E97449}
	EndGlobalSection
EndGlobal
