
Microsoft Visual Studio Solution File, Format Version 12.00
# Visual Studio Version 16
VisualStudioVersion = 16.0.32802.440
MinimumVisualStudioVersion = 10.0.40219.1
Project("{FAE04EC0-301F-11D3-BF4B-00C04F79EFBC}") = "op", "op.csproj", "{F04C8E71-2DE7-464E-B499-2415EECFEEDA}"
EndProject
Global
	GlobalSection(SolutionConfigurationPlatforms) = preSolution
		Debug|Any CPU = Debug|Any CPU
		Release|Any CPU = Release|Any CPU
	EndGlobalSection
	GlobalSection(ProjectConfigurationPlatforms) = postSolution
		{F04C8E71-2DE7-464E-B499-2415EECFEEDA}.Debug|Any CPU.ActiveCfg = Debug|Any CPU
		{F04C8E71-2DE7-464E-B499-2415EECFEEDA}.Debug|Any CPU.Build.0 = Debug|Any CPU
		{F04C8E71-2DE7-464E-B499-2415EECFEEDA}.Release|Any CPU.ActiveCfg = Release|Any CPU
		{F04C8E71-2DE7-464E-B499-2415EECFEEDA}.Release|Any CPU.Build.0 = Release|Any CPU
	EndGlobalSection
	GlobalSection(SolutionProperties) = preSolution
		HideSolutionNode = FALSE
	EndGlobalSection
	GlobalSection(ExtensibilityGlobals) = postSolution
		SolutionGuid = {C886F7B9-4C9B-435D-B4B3-97C68C1786E9}
	EndGlobalSection
EndGlobal
