
Microsoft Visual Studio Solution File, Format Version 12.00
# Visual Studio Version 17
VisualStudioVersion = 17.3.32922.545
MinimumVisualStudioVersion = 10.0.40219.1
Project("{FAE04EC0-301F-11D3-BF4B-00C04F79EFBC}") = "type casting", "type casting\type casting.csproj", "{3BB3B3BF-6FB3-4196-A127-4D4972120D66}"
EndProject
Global
	GlobalSection(SolutionConfigurationPlatforms) = preSolution
		Debug|Any CPU = Debug|Any CPU
		Release|Any CPU = Release|Any CPU
	EndGlobalSection
	GlobalSection(ProjectConfigurationPlatforms) = postSolution
		{3BB3B3BF-6FB3-4196-A127-4D4972120D66}.Debug|Any CPU.ActiveCfg = Debug|Any CPU
		{3BB3B3BF-6FB3-4196-A127-4D4972120D66}.Debug|Any CPU.Build.0 = Debug|Any CPU
		{3BB3B3BF-6FB3-4196-A127-4D4972120D66}.Release|Any CPU.ActiveCfg = Release|Any CPU
		{3BB3B3BF-6FB3-4196-A127-4D4972120D66}.Release|Any CPU.Build.0 = Release|Any CPU
	EndGlobalSection
	GlobalSection(SolutionProperties) = preSolution
		HideSolutionNode = FALSE
	EndGlobalSection
	GlobalSection(ExtensibilityGlobals) = postSolution
		SolutionGuid = {EA72953B-6B81-4827-B143-E70E50CFBB25}
	EndGlobalSection
EndGlobal
