
Microsoft Visual Studio Solution File, Format Version 12.00
# Visual Studio Version 16
VisualStudioVersion = 16.0.32802.440
MinimumVisualStudioVersion = 10.0.40219.1
Project("{FAE04EC0-301F-11D3-BF4B-00C04F79EFBC}") = "ConsoleApp1", "ConsoleApp1.csproj", "{AB5BED7C-32C7-45C4-8F5B-2EDA73C99FFD}"
EndProject
Global
	GlobalSection(SolutionConfigurationPlatforms) = preSolution
		Debug|Any CPU = Debug|Any CPU
		Release|Any CPU = Release|Any CPU
	EndGlobalSection
	GlobalSection(ProjectConfigurationPlatforms) = postSolution
		{AB5BED7C-32C7-45C4-8F5B-2EDA73C99FFD}.Debug|Any CPU.ActiveCfg = Debug|Any CPU
		{AB5BED7C-32C7-45C4-8F5B-2EDA73C99FFD}.Debug|Any CPU.Build.0 = Debug|Any CPU
		{AB5BED7C-32C7-45C4-8F5B-2EDA73C99FFD}.Release|Any CPU.ActiveCfg = Release|Any CPU
		{AB5BED7C-32C7-45C4-8F5B-2EDA73C99FFD}.Release|Any CPU.Build.0 = Release|Any CPU
	EndGlobalSection
	GlobalSection(SolutionProperties) = preSolution
		HideSolutionNode = FALSE
	EndGlobalSection
	GlobalSection(ExtensibilityGlobals) = postSolution
		SolutionGuid = {27194433-CDD2-48DA-9026-9E0B5A03E3D7}
	EndGlobalSection
EndGlobal
