
Microsoft Visual Studio Solution File, Format Version 12.00
# Visual Studio Version 16
VisualStudioVersion = 16.0.32802.440
MinimumVisualStudioVersion = 10.0.40219.1
Project("{FAE04EC0-301F-11D3-BF4B-00C04F79EFBC}") = "Program__", "Program__.csproj", "{C0020336-40A4-4FCB-97FC-BC0ABB9D3D3B}"
EndProject
Global
	GlobalSection(SolutionConfigurationPlatforms) = preSolution
		Debug|Any CPU = Debug|Any CPU
		Release|Any CPU = Release|Any CPU
	EndGlobalSection
	GlobalSection(ProjectConfigurationPlatforms) = postSolution
		{C0020336-40A4-4FCB-97FC-BC0ABB9D3D3B}.Debug|Any CPU.ActiveCfg = Debug|Any CPU
		{C0020336-40A4-4FCB-97FC-BC0ABB9D3D3B}.Debug|Any CPU.Build.0 = Debug|Any CPU
		{C0020336-40A4-4FCB-97FC-BC0ABB9D3D3B}.Release|Any CPU.ActiveCfg = Release|Any CPU
		{C0020336-40A4-4FCB-97FC-BC0ABB9D3D3B}.Release|Any CPU.Build.0 = Release|Any CPU
	EndGlobalSection
	GlobalSection(SolutionProperties) = preSolution
		HideSolutionNode = FALSE
	EndGlobalSection
	GlobalSection(ExtensibilityGlobals) = postSolution
		SolutionGuid = {D5BE433A-ED0A-4D45-914E-54465991ACB5}
	EndGlobalSection
EndGlobal
