
Microsoft Visual Studio Solution File, Format Version 12.00
# Visual Studio Version 17
VisualStudioVersion = 17.3.32922.545
MinimumVisualStudioVersion = 10.0.40219.1
Project("{FAE04EC0-301F-11D3-BF4B-00C04F79EFBC}") = "enum", "enum\enum.csproj", "{DB253F38-5B5A-4535-8388-289678B0BD71}"
EndProject
Global
	GlobalSection(SolutionConfigurationPlatforms) = preSolution
		Debug|Any CPU = Debug|Any CPU
		Release|Any CPU = Release|Any CPU
	EndGlobalSection
	GlobalSection(ProjectConfigurationPlatforms) = postSolution
		{DB253F38-5B5A-4535-8388-289678B0BD71}.Debug|Any CPU.ActiveCfg = Debug|Any CPU
		{DB253F38-5B5A-4535-8388-289678B0BD71}.Debug|Any CPU.Build.0 = Debug|Any CPU
		{DB253F38-5B5A-4535-8388-289678B0BD71}.Release|Any CPU.ActiveCfg = Release|Any CPU
		{DB253F38-5B5A-4535-8388-289678B0BD71}.Release|Any CPU.Build.0 = Release|Any CPU
	EndGlobalSection
	GlobalSection(SolutionProperties) = preSolution
		HideSolutionNode = FALSE
	EndGlobalSection
	GlobalSection(ExtensibilityGlobals) = postSolution
		SolutionGuid = {55DD89F4-09E0-49AA-A3E2-F9C43FC46AC1}
	EndGlobalSection
EndGlobal
